
Microsoft Visual Studio Solution File, Format Version 12.00
# Visual Studio Version 16
VisualStudioVersion = 16.0.31005.135
MinimumVisualStudioVersion = 10.0.40219.1
Project("{FAE04EC0-301F-11D3-BF4B-00C04F79EFBC}") = "ApiProductor", "ApiProductor\ApiProductor.csproj", "{C16D3B91-4B7E-4469-93F5-7C3277A152C8}"
EndProject
Global
	GlobalSection(SolutionConfigurationPlatforms) = preSolution
		Debug|Any CPU = Debug|Any CPU
		Release|Any CPU = Release|Any CPU
	EndGlobalSection
	GlobalSection(ProjectConfigurationPlatforms) = postSolution
		{C16D3B91-4B7E-4469-93F5-7C3277A152C8}.Debug|Any CPU.ActiveCfg = Debug|Any CPU
		{C16D3B91-4B7E-4469-93F5-7C3277A152C8}.Debug|Any CPU.Build.0 = Debug|Any CPU
		{C16D3B91-4B7E-4469-93F5-7C3277A152C8}.Release|Any CPU.ActiveCfg = Release|Any CPU
		{C16D3B91-4B7E-4469-93F5-7C3277A152C8}.Release|Any CPU.Build.0 = Release|Any CPU
	EndGlobalSection
	GlobalSection(SolutionProperties) = preSolution
		HideSolutionNode = FALSE
	EndGlobalSection
	GlobalSection(ExtensibilityGlobals) = postSolution
		SolutionGuid = {C254BE54-05D3-4449-8366-232D1CC0C2B7}
	EndGlobalSection
EndGlobal
